
Microsoft Visual Studio Solution File, Format Version 12.00
# Visual Studio Version 17
VisualStudioVersion = 17.2.32602.215
MinimumVisualStudioVersion = 10.0.40219.1
Project("{FAE04EC0-301F-11D3-BF4B-00C04F79EFBC}") = "EShopier_Project", "EShopier_Project\EShopier_Project.csproj", "{9C449DC4-BB2C-40EB-9A90-9C2E011A0878}"
EndProject
Project("{FAE04EC0-301F-11D3-BF4B-00C04F79EFBC}") = "EShopier.BLL", "BusinessLogicLayer\EShopier.BLL.csproj", "{5F2971F7-7347-4D55-A76C-F757461A2FFA}"
EndProject
Project("{FAE04EC0-301F-11D3-BF4B-00C04F79EFBC}") = "Eshopier.DAL", "Eshopier.DAL\Eshopier.DAL.csproj", "{32FBED15-FA27-4932-81DD-D5CB7FD483DB}"
EndProject
Project("{FAE04EC0-301F-11D3-BF4B-00C04F79EFBC}") = "EShopier.Entities", "EShopier.Entities\EShopier.Entities.csproj", "{3159A669-5576-477E-93D4-BDC59A5D6F7D}"
EndProject
Global
	GlobalSection(SolutionConfigurationPlatforms) = preSolution
		Debug|Any CPU = Debug|Any CPU
		Release|Any CPU = Release|Any CPU
	EndGlobalSection
	GlobalSection(ProjectConfigurationPlatforms) = postSolution
		{9C449DC4-BB2C-40EB-9A90-9C2E011A0878}.Debug|Any CPU.ActiveCfg = Debug|Any CPU
		{9C449DC4-BB2C-40EB-9A90-9C2E011A0878}.Debug|Any CPU.Build.0 = Debug|Any CPU
		{9C449DC4-BB2C-40EB-9A90-9C2E011A0878}.Release|Any CPU.ActiveCfg = Release|Any CPU
		{9C449DC4-BB2C-40EB-9A90-9C2E011A0878}.Release|Any CPU.Build.0 = Release|Any CPU
		{5F2971F7-7347-4D55-A76C-F757461A2FFA}.Debug|Any CPU.ActiveCfg = Debug|Any CPU
		{5F2971F7-7347-4D55-A76C-F757461A2FFA}.Debug|Any CPU.Build.0 = Debug|Any CPU
		{5F2971F7-7347-4D55-A76C-F757461A2FFA}.Release|Any CPU.ActiveCfg = Release|Any CPU
		{5F2971F7-7347-4D55-A76C-F757461A2FFA}.Release|Any CPU.Build.0 = Release|Any CPU
		{32FBED15-FA27-4932-81DD-D5CB7FD483DB}.Debug|Any CPU.ActiveCfg = Debug|Any CPU
		{32FBED15-FA27-4932-81DD-D5CB7FD483DB}.Debug|Any CPU.Build.0 = Debug|Any CPU
		{32FBED15-FA27-4932-81DD-D5CB7FD483DB}.Release|Any CPU.ActiveCfg = Release|Any CPU
		{32FBED15-FA27-4932-81DD-D5CB7FD483DB}.Release|Any CPU.Build.0 = Release|Any CPU
		{3159A669-5576-477E-93D4-BDC59A5D6F7D}.Debug|Any CPU.ActiveCfg = Debug|Any CPU
		{3159A669-5576-477E-93D4-BDC59A5D6F7D}.Debug|Any CPU.Build.0 = Debug|Any CPU
		{3159A669-5576-477E-93D4-BDC59A5D6F7D}.Release|Any CPU.ActiveCfg = Release|Any CPU
		{3159A669-5576-477E-93D4-BDC59A5D6F7D}.Release|Any CPU.Build.0 = Release|Any CPU
	EndGlobalSection
	GlobalSection(SolutionProperties) = preSolution
		HideSolutionNode = FALSE
	EndGlobalSection
	GlobalSection(ExtensibilityGlobals) = postSolution
		SolutionGuid = {7C314058-E420-44A7-888F-6C7367C3600E}
	EndGlobalSection
EndGlobal
